<?xml version="1.0" encoding="utf-8"?>
<Project ToolsVersion="4.0" xmlns="http://schemas.microsoft.com/developer/msbuild/2003">
  <ItemGroup>
    <Filter Include="Components">
      <UniqueIdentifier>{d649d148-722d-4cd5-89b4-8a99c185b5db}</UniqueIdentifier>
    </Filter>
    <Filter Include="Configuration">
      <UniqueIdentifier>{95a013c2-b012-4e5b-b09c-d876f94e1754}</UniqueIdentifier>
    </Filter>
    <Filter Include="Utils">
      <UniqueIdentifier>{e5598364-5b10-40b8-b500-86b9930377a9}</UniqueIdentifier>
    </Filter>
    <Filter Include="Mappers">
      <UniqueIdentifier>{938d847b-17ea-42d2-a327-d54cb3c1e77c}</UniqueIdentifier>
    </Filter>
    <Filter Include="Sound">
      <UniqueIdentifier>{175b78b8-5414-4da5-b4d0-ac865c445d11}</UniqueIdentifier>
    </Filter>
  </ItemGroup>
  <ItemGroup>
    <ClCompile Include="Components\R6502.cpp">
      <Filter>Components</Filter>
    </ClCompile>
    <ClCompile Include="Components\R6502ProcessorStatusRegister.cpp">
      <Filter>Components</Filter>
    </ClCompile>
    <ClCompile Include="Components\CPU_2A03.cpp">
      <Filter>Components</Filter>
    </ClCompile>
    <ClCompile Include="Components\APU.cpp">
      <Filter>Components</Filter>
    </ClCompile>
    <ClCompile Include="Utils\Range.cpp">
      <Filter>Utils</Filter>
    </ClCompile>
    <ClCompile Include="Components\RAM.cpp">
      <Filter>Components</Filter>
    </ClCompile>
    <ClCompile Include="Components\Component.cpp">
      <Filter>Components</Filter>
    </ClCompile>
    <ClCompile Include="Nes.cpp" />
    <ClCompile Include="Components\PPU_2C02.cpp">
      <Filter>Components</Filter>
    </ClCompile>
    <ClCompile Include="Mappers\Mapper_000.cpp">
      <Filter>Mappers</Filter>
    </ClCompile>
    <ClCompile Include="Mappers\MapperFactory.cpp">
      <Filter>Mappers</Filter>
    </ClCompile>
    <ClCompile Include="Configuration\iNesConfiguration.cpp">
      <Filter>Configuration</Filter>
    </ClCompile>
    <ClCompile Include="Mappers\Mapper.cpp">
      <Filter>Mappers</Filter>
    </ClCompile>
    <ClCompile Include="Components\Cartridge.cpp">
      <Filter>Components</Filter>
    </ClCompile>
    <ClCompile Include="Components\Bus.cpp">
      <Filter>Components</Filter>
    </ClCompile>
    <ClCompile Include="Components\ColorTable.cpp" />
    <ClCompile Include="Sound\NoiseChannel.cpp">
      <Filter>Sound</Filter>
    </ClCompile>
    <ClCompile Include="Sound\PulseChannel.cpp">
      <Filter>Sound</Filter>
    </ClCompile>
    <ClCompile Include="Sound\TriangleChannel.cpp">
      <Filter>Sound</Filter>
    </ClCompile>
    <ClCompile Include="Sound\DMCChannel.cpp">
      <Filter>Sound</Filter>
    </ClCompile>
    <ClCompile Include="Sound\SoundDriver.cpp">
      <Filter>Sound</Filter>
    </ClCompile>
    <ClCompile Include="Sound\Resampler.cpp">
      <Filter>Sound</Filter>
    </ClCompile>
    <ClCompile Include="Sound\BlockBuffer.cpp">
      <Filter>Sound</Filter>
    </ClCompile>
    <ClCompile Include="Sound\Envelope.cpp">
      <Filter>Sound</Filter>
    </ClCompile>
    <ClCompile Include="Sound\Sweep.cpp">
      <Filter>Sound</Filter>
    </ClCompile>
    <ClCompile Include="Sound\LengthCounter.cpp">
      <Filter>Sound</Filter>
    </ClCompile>
    <ClCompile Include="Sound\LinearCounter.cpp">
      <Filter>Sound</Filter>
    </ClCompile>
    <ClCompile Include="Sound\Sequencer.cpp">
      <Filter>Sound</Filter>
    </ClCompile>
    <ClCompile Include="Mappers\Mapper_001.cpp">
      <Filter>Mappers</Filter>
    </ClCompile>
    <ClCompile Include="Components\PersistentRAM.cpp" />
  </ItemGroup>
  <ItemGroup>
    <ClInclude Include="Components\R6502.h">
      <Filter>Components</Filter>
    </ClInclude>
    <ClInclude Include="Components\R6502ProcessorStatusRegister.h">
      <Filter>Components</Filter>
    </ClInclude>
    <ClInclude Include="Components\CPU_2A03.h">
      <Filter>Components</Filter>
    </ClInclude>
    <ClInclude Include="Components\APU.h">
      <Filter>Components</Filter>
    </ClInclude>
    <ClInclude Include="Utils\Range.h">
      <Filter>Utils</Filter>
    </ClInclude>
    <ClInclude Include="Components\RAM.h">
      <Filter>Components</Filter>
    </ClInclude>
    <ClInclude Include="Components\Component.h">
      <Filter>Components</Filter>
    </ClInclude>
    <ClInclude Include="Nes.h" />
    <ClInclude Include="Components\PPU_2C02.h">
      <Filter>Components</Filter>
    </ClInclude>
    <ClInclude Include="Mappers\Mapper_000.h">
      <Filter>Mappers</Filter>
    </ClInclude>
    <ClInclude Include="Mappers\MapperFactory.h">
      <Filter>Mappers</Filter>
    </ClInclude>
    <ClInclude Include="Configuration\iNesConfiguration.h">
      <Filter>Configuration</Filter>
    </ClInclude>
    <ClInclude Include="Mappers\Mapper.h">
      <Filter>Mappers</Filter>
    </ClInclude>
    <ClInclude Include="Components\Cartridge.h">
      <Filter>Components</Filter>
    </ClInclude>
    <ClInclude Include="Components\Bus.h">
      <Filter>Components</Filter>
    </ClInclude>
    <ClInclude Include="Components\ColorTable.h" />
    <ClInclude Include="IPixelWindow.h" />
    <ClInclude Include="Sound\NoiseChannel.h">
      <Filter>Sound</Filter>
    </ClInclude>
    <ClInclude Include="Sound\PulseChannel.h">
      <Filter>Sound</Filter>
    </ClInclude>
    <ClInclude Include="Sound\TriangleChannel.h">
      <Filter>Sound</Filter>
    </ClInclude>
    <ClInclude Include="Sound\DMCChannel.h">
      <Filter>Sound</Filter>
    </ClInclude>
    <ClInclude Include="Sound\SoundDriver.h">
      <Filter>Sound</Filter>
    </ClInclude>
    <ClInclude Include="Sound\Resampler.h">
      <Filter>Sound</Filter>
    </ClInclude>
    <ClInclude Include="Sound\BlockBuffer.h">
      <Filter>Sound</Filter>
    </ClInclude>
    <ClInclude Include="Sound\IChannel.h">
      <Filter>Sound</Filter>
    </ClInclude>
    <ClInclude Include="Sound\Envelope.h">
      <Filter>Sound</Filter>
    </ClInclude>
    <ClInclude Include="Sound\Sweep.h">
      <Filter>Sound</Filter>
    </ClInclude>
    <ClInclude Include="Sound\LengthCounter.h">
      <Filter>Sound</Filter>
    </ClInclude>
    <ClInclude Include="Sound\LinearCounter.h">
      <Filter>Sound</Filter>
    </ClInclude>
    <ClInclude Include="Sound\Sequencer.h">
      <Filter>Sound</Filter>
    </ClInclude>
    <ClInclude Include="Mappers\Mapper_001.h">
      <Filter>Mappers</Filter>
    </ClInclude>
    <ClInclude Include="Components\PersistentRAM.h" />
  </ItemGroup>
</Project>