<?xml version="1.0" encoding="utf-8"?>
<Project ToolsVersion="4.0" xmlns="http://schemas.microsoft.com/developer/msbuild/2003">
  <ItemGroup>
    <ClCompile Include="KeyboardController.cpp" />
    <ClCompile Include="NesEmulator.cpp" />
    <ClCompile Include="Main.cpp" />
  </ItemGroup>
  <ItemGroup>
    <ClInclude Include="KeyboardController.h" />
    <ClInclude Include="NesEmulator.h" />
    <ClInclude Include="External\olcPixelGameEngine.h" />
  </ItemGroup>
</Project>